PODS:
  - Coordinator (0.1.0)
  - Nimble (7.3.4)
  - Quick (2.0.0)

DEPENDENCIES:
  - Coordinator (from `../`)
  - Nimble (= 7.3.4)
  - Quick (= 2.0.0)

SPEC REPOS:
  https://github.com/cocoapods/specs.git:
    - Nimble
    - Quick

EXTERNAL SOURCES:
  Coordinator:
    :path: "../"

SPEC CHECKSUMS:
  Coordinator: 34196ba6fe2139a04ba3bcad6c2e2df254c1687b
  Nimble: 051e3d8912d40138fa5591c78594f95fb172af37
  Quick: ce1276c7c27ba2da3cb2fd0cde053c3648b3b22d

PODFILE CHECKSUM: 6e69ebabca09d3743ec39cfffa056988535593e3

COCOAPODS: 1.6.1
